
Microsoft Visual Studio Solution File, Format Version 12.00
# Visual Studio 15
VisualStudioVersion = 15.0.27703.2047
MinimumVisualStudioVersion = 10.0.40219.1
Project("{FAE04EC0-301F-11D3-BF4B-00C04F79EFBC}") = "Entidades", "Entidades\Entidades.csproj", "{D66007F3-FD17-4D8D-8717-049D9DA477F9}"
EndProject
Project("{FAE04EC0-301F-11D3-BF4B-00C04F79EFBC}") = "FinalUTN2020", "FinalUTN2020\FinalUTN2020.csproj", "{3BAA73A5-9B78-4F34-9E81-BC182F24E97C}"
EndProject
Project("{FAE04EC0-301F-11D3-BF4B-00C04F79EFBC}") = "UnitTestProject1", "UnitTestProject1\UnitTestProject1.csproj", "{3B1DD522-F621-4701-B417-1E6EABDFB645}"
EndProject
Global
	GlobalSection(SolutionConfigurationPlatforms) = preSolution
		Debug|Any CPU = Debug|Any CPU
		Release|Any CPU = Release|Any CPU
	EndGlobalSection
	GlobalSection(ProjectConfigurationPlatforms) = postSolution
		{D66007F3-FD17-4D8D-8717-049D9DA477F9}.Debug|Any CPU.ActiveCfg = Debug|Any CPU
		{D66007F3-FD17-4D8D-8717-049D9DA477F9}.Debug|Any CPU.Build.0 = Debug|Any CPU
		{D66007F3-FD17-4D8D-8717-049D9DA477F9}.Release|Any CPU.ActiveCfg = Release|Any CPU
		{D66007F3-FD17-4D8D-8717-049D9DA477F9}.Release|Any CPU.Build.0 = Release|Any CPU
		{3BAA73A5-9B78-4F34-9E81-BC182F24E97C}.Debug|Any CPU.ActiveCfg = Debug|Any CPU
		{3BAA73A5-9B78-4F34-9E81-BC182F24E97C}.Debug|Any CPU.Build.0 = Debug|Any CPU
		{3BAA73A5-9B78-4F34-9E81-BC182F24E97C}.Release|Any CPU.ActiveCfg = Release|Any CPU
		{3BAA73A5-9B78-4F34-9E81-BC182F24E97C}.Release|Any CPU.Build.0 = Release|Any CPU
		{3B1DD522-F621-4701-B417-1E6EABDFB645}.Debug|Any CPU.ActiveCfg = Debug|Any CPU
		{3B1DD522-F621-4701-B417-1E6EABDFB645}.Debug|Any CPU.Build.0 = Debug|Any CPU
		{3B1DD522-F621-4701-B417-1E6EABDFB645}.Release|Any CPU.ActiveCfg = Release|Any CPU
		{3B1DD522-F621-4701-B417-1E6EABDFB645}.Release|Any CPU.Build.0 = Release|Any CPU
	EndGlobalSection
	GlobalSection(SolutionProperties) = preSolution
		HideSolutionNode = FALSE
	EndGlobalSection
	GlobalSection(ExtensibilityGlobals) = postSolution
		SolutionGuid = {F2F6C1CF-D90C-4734-8C41-982AD3A1132B}
	EndGlobalSection
EndGlobal
